<?xml version="1.0" encoding="utf-8"?>
<Project ToolsVersion="4.0" xmlns="http://schemas.microsoft.com/developer/msbuild/2003">
  <ItemGroup>
    <Filter Include="Source Files">
      <UniqueIdentifier>{4FC737F1-C7A5-4376-A066-2A32D752A2FF}</UniqueIdentifier>
      <Extensions>cpp;c;cc;cxx;c++;cppm;ixx;def;odl;idl;hpj;bat;asm;asmx</Extensions>
    </Filter>
    <Filter Include="Header Files">
      <UniqueIdentifier>{93995380-89BD-4b04-88EB-625FBE52EBFB}</UniqueIdentifier>
      <Extensions>h;hh;hpp;hxx;h++;hm;inl;inc;ipp;xsd</Extensions>
    </Filter>
    <Filter Include="Resource Files">
      <UniqueIdentifier>{67DA6AB6-F800-4c08-8B7A-83BB121AAD01}</UniqueIdentifier>
      <Extensions>rc;ico;cur;bmp;dlg;rc2;rct;bin;rgs;gif;jpg;jpeg;jpe;resx;tiff;tif;png;wav;mfcribbon-ms</Extensions>
    </Filter>
  </ItemGroup>
  <ItemGroup>
    <ClCompile Include="Core\StringOps.cpp">
      <Filter>Source Files</Filter>
    </ClCompile>
    <ClCompile Include="Samples\Codin221222.cpp">
      <Filter>Source Files</Filter>
    </ClCompile>
    <ClCompile Include="Core\MathOps.cpp">
      <Filter>Source Files</Filter>
    </ClCompile>
    <ClCompile Include="Samples\Sample311222.cpp">
      <Filter>Source Files</Filter>
    </ClCompile>
    <ClCompile Include="Meta\Benchmark.cpp">
      <Filter>Source Files</Filter>
    </ClCompile>
    <ClCompile Include="Structures_Sandbox.cpp">
      <Filter>Source Files</Filter>
    </ClCompile>
    <ClCompile Include="GA_Sandbox.cpp">
      <Filter>Source Files</Filter>
    </ClCompile>
    <ClCompile Include="FocusTester_SB.cpp">
      <Filter>Source Files</Filter>
    </ClCompile>
    <ClCompile Include="PolyRunner_SB.cpp">
      <Filter>Source Files</Filter>
    </ClCompile>
    <ClCompile Include="PhysXTesting.cpp">
      <Filter>Source Files</Filter>
    </ClCompile>
  </ItemGroup>
  <ItemGroup>
    <ClInclude Include="Core\StringOps.h">
      <Filter>Header Files</Filter>
    </ClInclude>
    <ClInclude Include="Core\MathOps.h">
      <Filter>Header Files</Filter>
    </ClInclude>
    <ClInclude Include="Meta\Benchmark.h">
      <Filter>Header Files</Filter>
    </ClInclude>
    <ClInclude Include="Core\Structures.h">
      <Filter>Header Files</Filter>
    </ClInclude>
    <ClInclude Include="PhysX\characterkinematic\PxBoxController.h">
      <Filter>Header Files</Filter>
    </ClInclude>
    <ClInclude Include="PhysX\characterkinematic\PxCapsuleController.h">
      <Filter>Header Files</Filter>
    </ClInclude>
    <ClInclude Include="PhysX\characterkinematic\PxController.h">
      <Filter>Header Files</Filter>
    </ClInclude>
    <ClInclude Include="PhysX\characterkinematic\PxControllerBehavior.h">
      <Filter>Header Files</Filter>
    </ClInclude>
    <ClInclude Include="PhysX\characterkinematic\PxControllerManager.h">
      <Filter>Header Files</Filter>
    </ClInclude>
    <ClInclude Include="PhysX\characterkinematic\PxControllerObstacles.h">
      <Filter>Header Files</Filter>
    </ClInclude>
    <ClInclude Include="PhysX\characterkinematic\PxExtended.h">
      <Filter>Header Files</Filter>
    </ClInclude>
    <ClInclude Include="PhysX\collision\PxCollisionDefs.h">
      <Filter>Header Files</Filter>
    </ClInclude>
    <ClInclude Include="PhysX\common\windows\PxWindowsDelayLoadHook.h">
      <Filter>Header Files</Filter>
    </ClInclude>
    <ClInclude Include="PhysX\common\PxBase.h">
      <Filter>Header Files</Filter>
    </ClInclude>
    <ClInclude Include="PhysX\common\PxCollection.h">
      <Filter>Header Files</Filter>
    </ClInclude>
    <ClInclude Include="PhysX\common\PxCoreUtilityTypes.h">
      <Filter>Header Files</Filter>
    </ClInclude>
    <ClInclude Include="PhysX\common\PxMetaData.h">
      <Filter>Header Files</Filter>
    </ClInclude>
    <ClInclude Include="PhysX\common\PxMetaDataFlags.h">
      <Filter>Header Files</Filter>
    </ClInclude>
    <ClInclude Include="PhysX\common\PxPhysicsInsertionCallback.h">
      <Filter>Header Files</Filter>
    </ClInclude>
    <ClInclude Include="PhysX\common\PxPhysXCommonConfig.h">
      <Filter>Header Files</Filter>
    </ClInclude>
    <ClInclude Include="PhysX\common\PxProfileZone.h">
      <Filter>Header Files</Filter>
    </ClInclude>
    <ClInclude Include="PhysX\common\PxRenderBuffer.h">
      <Filter>Header Files</Filter>
    </ClInclude>
    <ClInclude Include="PhysX\common\PxSerialFramework.h">
      <Filter>Header Files</Filter>
    </ClInclude>
    <ClInclude Include="PhysX\common\PxSerializer.h">
      <Filter>Header Files</Filter>
    </ClInclude>
    <ClInclude Include="PhysX\common\PxStringTable.h">
      <Filter>Header Files</Filter>
    </ClInclude>
    <ClInclude Include="PhysX\common\PxTolerancesScale.h">
      <Filter>Header Files</Filter>
    </ClInclude>
    <ClInclude Include="PhysX\common\PxTypeInfo.h">
      <Filter>Header Files</Filter>
    </ClInclude>
    <ClInclude Include="PhysX\cooking\PxBVH33MidphaseDesc.h">
      <Filter>Header Files</Filter>
    </ClInclude>
    <ClInclude Include="PhysX\cooking\PxBVH34MidphaseDesc.h">
      <Filter>Header Files</Filter>
    </ClInclude>
    <ClInclude Include="PhysX\cooking\PxBVHStructureDesc.h">
      <Filter>Header Files</Filter>
    </ClInclude>
    <ClInclude Include="PhysX\cooking\Pxc.h">
      <Filter>Header Files</Filter>
    </ClInclude>
    <ClInclude Include="PhysX\cooking\PxConvexMeshDesc.h">
      <Filter>Header Files</Filter>
    </ClInclude>
    <ClInclude Include="PhysX\cooking\PxCooking.h">
      <Filter>Header Files</Filter>
    </ClInclude>
    <ClInclude Include="PhysX\cooking\PxMidphaseDesc.h">
      <Filter>Header Files</Filter>
    </ClInclude>
    <ClInclude Include="PhysX\cooking\PxTriangleMeshDesc.h">
      <Filter>Header Files</Filter>
    </ClInclude>
    <ClInclude Include="PhysX\cudamanager\PxCudaContextManager.h">
      <Filter>Header Files</Filter>
    </ClInclude>
    <ClInclude Include="PhysX\cudamanager\PxCudaMemoryManager.h">
      <Filter>Header Files</Filter>
    </ClInclude>
    <ClInclude Include="PhysX\extensions\PxBinaryConverter.h">
      <Filter>Header Files</Filter>
    </ClInclude>
    <ClInclude Include="PhysX\extensions\PxBroadPhaseExt.h">
      <Filter>Header Files</Filter>
    </ClInclude>
    <ClInclude Include="PhysX\extensions\PxCollectionExt.h">
      <Filter>Header Files</Filter>
    </ClInclude>
    <ClInclude Include="PhysX\extensions\PxConstraintExt.h">
      <Filter>Header Files</Filter>
    </ClInclude>
    <ClInclude Include="PhysX\extensions\PxContactJoint.h">
      <Filter>Header Files</Filter>
    </ClInclude>
    <ClInclude Include="PhysX\extensions\PxConvexMeshExt.h">
      <Filter>Header Files</Filter>
    </ClInclude>
    <ClInclude Include="PhysX\extensions\PxD6Joint.h">
      <Filter>Header Files</Filter>
    </ClInclude>
    <ClInclude Include="PhysX\extensions\PxD6JointCreate.h">
      <Filter>Header Files</Filter>
    </ClInclude>
    <ClInclude Include="PhysX\extensions\PxDefaultAllocator.h">
      <Filter>Header Files</Filter>
    </ClInclude>
    <ClInclude Include="PhysX\extensions\PxDefaultCpuDispatcher.h">
      <Filter>Header Files</Filter>
    </ClInclude>
    <ClInclude Include="PhysX\extensions\PxDefaultErrorCallback.h">
      <Filter>Header Files</Filter>
    </ClInclude>
    <ClInclude Include="PhysX\extensions\PxDefaultSimulationFilterShader.h">
      <Filter>Header Files</Filter>
    </ClInclude>
    <ClInclude Include="PhysX\extensions\PxDefaultStreams.h">
      <Filter>Header Files</Filter>
    </ClInclude>
    <ClInclude Include="PhysX\extensions\PxDistanceJoint.h">
      <Filter>Header Files</Filter>
    </ClInclude>
    <ClInclude Include="PhysX\extensions\PxExtensionsAPI.h">
      <Filter>Header Files</Filter>
    </ClInclude>
    <ClInclude Include="PhysX\extensions\PxFixedJoint.h">
      <Filter>Header Files</Filter>
    </ClInclude>
    <ClInclude Include="PhysX\extensions\PxJoint.h">
      <Filter>Header Files</Filter>
    </ClInclude>
    <ClInclude Include="PhysX\extensions\PxJointLimit.h">
      <Filter>Header Files</Filter>
    </ClInclude>
    <ClInclude Include="PhysX\extensions\PxMassProperties.h">
      <Filter>Header Files</Filter>
    </ClInclude>
    <ClInclude Include="PhysX\extensions\PxPrismaticJoint.h">
      <Filter>Header Files</Filter>
    </ClInclude>
    <ClInclude Include="PhysX\extensions\PxRaycastCCD.h">
      <Filter>Header Files</Filter>
    </ClInclude>
    <ClInclude Include="PhysX\extensions\PxRepXSerializer.h">
      <Filter>Header Files</Filter>
    </ClInclude>
    <ClInclude Include="PhysX\extensions\PxRepXSimpleType.h">
      <Filter>Header Files</Filter>
    </ClInclude>
    <ClInclude Include="PhysX\extensions\PxRevoluteJoint.h">
      <Filter>Header Files</Filter>
    </ClInclude>
    <ClInclude Include="PhysX\extensions\PxRigidActorExt.h">
      <Filter>Header Files</Filter>
    </ClInclude>
    <ClInclude Include="PhysX\extensions\PxRigidBodyExt.h">
      <Filter>Header Files</Filter>
    </ClInclude>
    <ClInclude Include="PhysX\extensions\PxSceneQueryExt.h">
      <Filter>Header Files</Filter>
    </ClInclude>
    <ClInclude Include="PhysX\extensions\PxSerialization.h">
      <Filter>Header Files</Filter>
    </ClInclude>
    <ClInclude Include="PhysX\extensions\PxShapeExt.h">
      <Filter>Header Files</Filter>
    </ClInclude>
    <ClInclude Include="PhysX\extensions\PxSimpleFactory.h">
      <Filter>Header Files</Filter>
    </ClInclude>
    <ClInclude Include="PhysX\extensions\PxSmoothNormals.h">
      <Filter>Header Files</Filter>
    </ClInclude>
    <ClInclude Include="PhysX\extensions\PxSphericalJoint.h">
      <Filter>Header Files</Filter>
    </ClInclude>
    <ClInclude Include="PhysX\extensions\PxStringTableExt.h">
      <Filter>Header Files</Filter>
    </ClInclude>
    <ClInclude Include="PhysX\extensions\PxTriangleMeshExt.h">
      <Filter>Header Files</Filter>
    </ClInclude>
    <ClInclude Include="PhysX\filebuf\PxFileBuf.h">
      <Filter>Header Files</Filter>
    </ClInclude>
    <ClInclude Include="PhysX\foundation\unix\PxUnixIntrinsics.h">
      <Filter>Header Files</Filter>
    </ClInclude>
    <ClInclude Include="PhysX\foundation\windows\PxWindowsIntrinsics.h">
      <Filter>Header Files</Filter>
    </ClInclude>
    <ClInclude Include="PhysX\foundation\Px.h">
      <Filter>Header Files</Filter>
    </ClInclude>
    <ClInclude Include="PhysX\foundation\PxAllocatorCallback.h">
      <Filter>Header Files</Filter>
    </ClInclude>
    <ClInclude Include="PhysX\foundation\PxAssert.h">
      <Filter>Header Files</Filter>
    </ClInclude>
    <ClInclude Include="PhysX\foundation\PxBitAndData.h">
      <Filter>Header Files</Filter>
    </ClInclude>
    <ClInclude Include="PhysX\foundation\PxBounds3.h">
      <Filter>Header Files</Filter>
    </ClInclude>
    <ClInclude Include="PhysX\foundation\PxErrorCallback.h">
      <Filter>Header Files</Filter>
    </ClInclude>
    <ClInclude Include="PhysX\foundation\PxErrors.h">
      <Filter>Header Files</Filter>
    </ClInclude>
    <ClInclude Include="PhysX\foundation\PxFlags.h">
      <Filter>Header Files</Filter>
    </ClInclude>
    <ClInclude Include="PhysX\foundation\PxFoundationConfig.h">
      <Filter>Header Files</Filter>
    </ClInclude>
    <ClInclude Include="PhysX\foundation\PxIntrinsics.h">
      <Filter>Header Files</Filter>
    </ClInclude>
    <ClInclude Include="PhysX\foundation\PxIO.h">
      <Filter>Header Files</Filter>
    </ClInclude>
    <ClInclude Include="PhysX\foundation\PxMat33.h">
      <Filter>Header Files</Filter>
    </ClInclude>
    <ClInclude Include="PhysX\foundation\PxMat44.h">
      <Filter>Header Files</Filter>
    </ClInclude>
    <ClInclude Include="PhysX\foundation\PxMath.h">
      <Filter>Header Files</Filter>
    </ClInclude>
    <ClInclude Include="PhysX\foundation\PxMathUtils.h">
      <Filter>Header Files</Filter>
    </ClInclude>
    <ClInclude Include="PhysX\foundation\PxMemory.h">
      <Filter>Header Files</Filter>
    </ClInclude>
    <ClInclude Include="PhysX\foundation\PxPlane.h">
      <Filter>Header Files</Filter>
    </ClInclude>
    <ClInclude Include="PhysX\foundation\PxPreprocessor.h">
      <Filter>Header Files</Filter>
    </ClInclude>
    <ClInclude Include="PhysX\foundation\PxProfiler.h">
      <Filter>Header Files</Filter>
    </ClInclude>
    <ClInclude Include="PhysX\foundation\PxQuat.h">
      <Filter>Header Files</Filter>
    </ClInclude>
    <ClInclude Include="PhysX\foundation\PxSharedAssert.h">
      <Filter>Header Files</Filter>
    </ClInclude>
    <ClInclude Include="PhysX\foundation\PxSimpleTypes.h">
      <Filter>Header Files</Filter>
    </ClInclude>
    <ClInclude Include="PhysX\foundation\PxStrideIterator.h">
      <Filter>Header Files</Filter>
    </ClInclude>
    <ClInclude Include="PhysX\foundation\PxTransform.h">
      <Filter>Header Files</Filter>
    </ClInclude>
    <ClInclude Include="PhysX\foundation\PxUnionCast.h">
      <Filter>Header Files</Filter>
    </ClInclude>
    <ClInclude Include="PhysX\foundation\PxVec2.h">
      <Filter>Header Files</Filter>
    </ClInclude>
    <ClInclude Include="PhysX\foundation\PxVec3.h">
      <Filter>Header Files</Filter>
    </ClInclude>
    <ClInclude Include="PhysX\foundation\PxVec4.h">
      <Filter>Header Files</Filter>
    </ClInclude>
    <ClInclude Include="PhysX\geometry\PxBoxGeometry.h">
      <Filter>Header Files</Filter>
    </ClInclude>
    <ClInclude Include="PhysX\geometry\PxBVHStructure.h">
      <Filter>Header Files</Filter>
    </ClInclude>
    <ClInclude Include="PhysX\geometry\PxCapsuleGeometry.h">
      <Filter>Header Files</Filter>
    </ClInclude>
    <ClInclude Include="PhysX\geometry\PxConvexMesh.h">
      <Filter>Header Files</Filter>
    </ClInclude>
    <ClInclude Include="PhysX\geometry\PxConvexMeshGeometry.h">
      <Filter>Header Files</Filter>
    </ClInclude>
    <ClInclude Include="PhysX\geometry\PxGeometry.h">
      <Filter>Header Files</Filter>
    </ClInclude>
    <ClInclude Include="PhysX\geometry\PxGeometryHelpers.h">
      <Filter>Header Files</Filter>
    </ClInclude>
    <ClInclude Include="PhysX\geometry\PxGeometryQuery.h">
      <Filter>Header Files</Filter>
    </ClInclude>
    <ClInclude Include="PhysX\geometry\PxHeightField.h">
      <Filter>Header Files</Filter>
    </ClInclude>
    <ClInclude Include="PhysX\geometry\PxHeightFieldDesc.h">
      <Filter>Header Files</Filter>
    </ClInclude>
    <ClInclude Include="PhysX\geometry\PxHeightFieldFlag.h">
      <Filter>Header Files</Filter>
    </ClInclude>
    <ClInclude Include="PhysX\geometry\PxHeightFieldGeometry.h">
      <Filter>Header Files</Filter>
    </ClInclude>
    <ClInclude Include="PhysX\geometry\PxHeightFieldSample.h">
      <Filter>Header Files</Filter>
    </ClInclude>
    <ClInclude Include="PhysX\geometry\PxMeshQuery.h">
      <Filter>Header Files</Filter>
    </ClInclude>
    <ClInclude Include="PhysX\geometry\PxMeshScale.h">
      <Filter>Header Files</Filter>
    </ClInclude>
    <ClInclude Include="PhysX\geometry\PxPlaneGeometry.h">
      <Filter>Header Files</Filter>
    </ClInclude>
    <ClInclude Include="PhysX\geometry\PxSimpleTriangleMesh.h">
      <Filter>Header Files</Filter>
    </ClInclude>
    <ClInclude Include="PhysX\geometry\PxSphereGeometry.h">
      <Filter>Header Files</Filter>
    </ClInclude>
    <ClInclude Include="PhysX\geometry\PxTriangle.h">
      <Filter>Header Files</Filter>
    </ClInclude>
    <ClInclude Include="PhysX\geometry\PxTriangleMesh.h">
      <Filter>Header Files</Filter>
    </ClInclude>
    <ClInclude Include="PhysX\geometry\PxTriangleMeshGeometry.h">
      <Filter>Header Files</Filter>
    </ClInclude>
    <ClInclude Include="PhysX\geomutils\GuContactBuffer.h">
      <Filter>Header Files</Filter>
    </ClInclude>
    <ClInclude Include="PhysX\geomutils\GuContactPoint.h">
      <Filter>Header Files</Filter>
    </ClInclude>
    <ClInclude Include="PhysX\gpu\PxGpu.h">
      <Filter>Header Files</Filter>
    </ClInclude>
    <ClInclude Include="PhysX\pvd\PxPvd.h">
      <Filter>Header Files</Filter>
    </ClInclude>
    <ClInclude Include="PhysX\pvd\PxPvdSceneClient.h">
      <Filter>Header Files</Filter>
    </ClInclude>
    <ClInclude Include="PhysX\pvd\PxPvdTransport.h">
      <Filter>Header Files</Filter>
    </ClInclude>
    <ClInclude Include="PhysX\solver\PxSolverDefs.h">
      <Filter>Header Files</Filter>
    </ClInclude>
    <ClInclude Include="PhysX\task\PxCpuDispatcher.h">
      <Filter>Header Files</Filter>
    </ClInclude>
    <ClInclude Include="PhysX\task\PxTask.h">
      <Filter>Header Files</Filter>
    </ClInclude>
    <ClInclude Include="PhysX\task\PxTaskDefine.h">
      <Filter>Header Files</Filter>
    </ClInclude>
    <ClInclude Include="PhysX\task\PxTaskManager.h">
      <Filter>Header Files</Filter>
    </ClInclude>
    <ClInclude Include="PhysX\vehicle\PxVehicleComponents.h">
      <Filter>Header Files</Filter>
    </ClInclude>
    <ClInclude Include="PhysX\vehicle\PxVehicleDrive.h">
      <Filter>Header Files</Filter>
    </ClInclude>
    <ClInclude Include="PhysX\vehicle\PxVehicleDrive4W.h">
      <Filter>Header Files</Filter>
    </ClInclude>
    <ClInclude Include="PhysX\vehicle\PxVehicleDriveNW.h">
      <Filter>Header Files</Filter>
    </ClInclude>
    <ClInclude Include="PhysX\vehicle\PxVehicleDriveTank.h">
      <Filter>Header Files</Filter>
    </ClInclude>
    <ClInclude Include="PhysX\vehicle\PxVehicleNoDrive.h">
      <Filter>Header Files</Filter>
    </ClInclude>
    <ClInclude Include="PhysX\vehicle\PxVehicleSDK.h">
      <Filter>Header Files</Filter>
    </ClInclude>
    <ClInclude Include="PhysX\vehicle\PxVehicleShaders.h">
      <Filter>Header Files</Filter>
    </ClInclude>
    <ClInclude Include="PhysX\vehicle\PxVehicleTireFriction.h">
      <Filter>Header Files</Filter>
    </ClInclude>
    <ClInclude Include="PhysX\vehicle\PxVehicleUpdate.h">
      <Filter>Header Files</Filter>
    </ClInclude>
    <ClInclude Include="PhysX\vehicle\PxVehicleUtil.h">
      <Filter>Header Files</Filter>
    </ClInclude>
    <ClInclude Include="PhysX\vehicle\PxVehicleUtilControl.h">
      <Filter>Header Files</Filter>
    </ClInclude>
    <ClInclude Include="PhysX\vehicle\PxVehicleUtilSetup.h">
      <Filter>Header Files</Filter>
    </ClInclude>
    <ClInclude Include="PhysX\vehicle\PxVehicleUtilTelemetry.h">
      <Filter>Header Files</Filter>
    </ClInclude>
    <ClInclude Include="PhysX\vehicle\PxVehicleWheels.h">
      <Filter>Header Files</Filter>
    </ClInclude>
    <ClInclude Include="PhysX\PxActor.h">
      <Filter>Header Files</Filter>
    </ClInclude>
    <ClInclude Include="PhysX\PxAggregate.h">
      <Filter>Header Files</Filter>
    </ClInclude>
    <ClInclude Include="PhysX\PxArticulation.h">
      <Filter>Header Files</Filter>
    </ClInclude>
    <ClInclude Include="PhysX\PxArticulationBase.h">
      <Filter>Header Files</Filter>
    </ClInclude>
    <ClInclude Include="PhysX\PxArticulationJoint.h">
      <Filter>Header Files</Filter>
    </ClInclude>
    <ClInclude Include="PhysX\PxArticulationJointReducedCoordinate.h">
      <Filter>Header Files</Filter>
    </ClInclude>
    <ClInclude Include="PhysX\PxArticulationLink.h">
      <Filter>Header Files</Filter>
    </ClInclude>
    <ClInclude Include="PhysX\PxArticulationReducedCoordinate.h">
      <Filter>Header Files</Filter>
    </ClInclude>
    <ClInclude Include="PhysX\PxBatchQuery.h">
      <Filter>Header Files</Filter>
    </ClInclude>
    <ClInclude Include="PhysX\PxBatchQueryDesc.h">
      <Filter>Header Files</Filter>
    </ClInclude>
    <ClInclude Include="PhysX\PxBroadPhase.h">
      <Filter>Header Files</Filter>
    </ClInclude>
    <ClInclude Include="PhysX\PxClient.h">
      <Filter>Header Files</Filter>
    </ClInclude>
    <ClInclude Include="PhysX\PxConfig.h">
      <Filter>Header Files</Filter>
    </ClInclude>
    <ClInclude Include="PhysX\PxConstraint.h">
      <Filter>Header Files</Filter>
    </ClInclude>
    <ClInclude Include="PhysX\PxConstraintDesc.h">
      <Filter>Header Files</Filter>
    </ClInclude>
    <ClInclude Include="PhysX\PxContact.h">
      <Filter>Header Files</Filter>
    </ClInclude>
    <ClInclude Include="PhysX\PxContactModifyCallback.h">
      <Filter>Header Files</Filter>
    </ClInclude>
    <ClInclude Include="PhysX\PxDeletionListener.h">
      <Filter>Header Files</Filter>
    </ClInclude>
    <ClInclude Include="PhysX\PxFiltering.h">
      <Filter>Header Files</Filter>
    </ClInclude>
    <ClInclude Include="PhysX\PxForceMode.h">
      <Filter>Header Files</Filter>
    </ClInclude>
    <ClInclude Include="PhysX\PxFoundation.h">
      <Filter>Header Files</Filter>
    </ClInclude>
    <ClInclude Include="PhysX\PxImmediateMode.h">
      <Filter>Header Files</Filter>
    </ClInclude>
    <ClInclude Include="PhysX\PxLockedData.h">
      <Filter>Header Files</Filter>
    </ClInclude>
    <ClInclude Include="PhysX\PxMaterial.h">
      <Filter>Header Files</Filter>
    </ClInclude>
    <ClInclude Include="PhysX\PxPhysics.h">
      <Filter>Header Files</Filter>
    </ClInclude>
    <ClInclude Include="PhysX\PxPhysicsAPI.h">
      <Filter>Header Files</Filter>
    </ClInclude>
    <ClInclude Include="PhysX\PxPhysicsSerialization.h">
      <Filter>Header Files</Filter>
    </ClInclude>
    <ClInclude Include="PhysX\PxPhysicsVersion.h">
      <Filter>Header Files</Filter>
    </ClInclude>
    <ClInclude Include="PhysX\PxPhysXConfig.h">
      <Filter>Header Files</Filter>
    </ClInclude>
    <ClInclude Include="PhysX\PxPruningStructure.h">
      <Filter>Header Files</Filter>
    </ClInclude>
    <ClInclude Include="PhysX\PxQueryFiltering.h">
      <Filter>Header Files</Filter>
    </ClInclude>
    <ClInclude Include="PhysX\PxQueryReport.h">
      <Filter>Header Files</Filter>
    </ClInclude>
    <ClInclude Include="PhysX\PxRigidActor.h">
      <Filter>Header Files</Filter>
    </ClInclude>
    <ClInclude Include="PhysX\PxRigidBody.h">
      <Filter>Header Files</Filter>
    </ClInclude>
    <ClInclude Include="PhysX\PxRigidDynamic.h">
      <Filter>Header Files</Filter>
    </ClInclude>
    <ClInclude Include="PhysX\PxRigidStatic.h">
      <Filter>Header Files</Filter>
    </ClInclude>
    <ClInclude Include="PhysX\PxScene.h">
      <Filter>Header Files</Filter>
    </ClInclude>
    <ClInclude Include="PhysX\PxSceneDesc.h">
      <Filter>Header Files</Filter>
    </ClInclude>
    <ClInclude Include="PhysX\PxSceneLock.h">
      <Filter>Header Files</Filter>
    </ClInclude>
    <ClInclude Include="PhysX\PxShape.h">
      <Filter>Header Files</Filter>
    </ClInclude>
    <ClInclude Include="PhysX\PxSimulationEventCallback.h">
      <Filter>Header Files</Filter>
    </ClInclude>
    <ClInclude Include="PhysX\PxSimulationStatistics.h">
      <Filter>Header Files</Filter>
    </ClInclude>
    <ClInclude Include="PhysX\PxVisualizationParameter.h">
      <Filter>Header Files</Filter>
    </ClInclude>
  </ItemGroup>
  <ItemGroup>
    <None Include="PhysX\glut32.dll" />
    <None Include="PhysX\PhysX_64.dll" />
    <None Include="PhysX\PhysXCommon_64.dll" />
    <None Include="PhysX\PhysXCooking_64.dll" />
    <None Include="PhysX\PhysXDevice64.dll" />
    <None Include="PhysX\PhysXFoundation_64.dll" />
    <None Include="PhysX\PhysXGpu_64.dll" />
  </ItemGroup>
  <ItemGroup>
    <Library Include="PhysX\LowLevel_static_64.lib" />
    <Library Include="PhysX\LowLevelAABB_static_64.lib" />
    <Library Include="PhysX\LowLevelDynamics_static_64.lib" />
    <Library Include="PhysX\PhysX_64.lib" />
    <Library Include="PhysX\PhysXCharacterKinematic_static_64.lib" />
    <Library Include="PhysX\PhysXCommon_64.lib" />
    <Library Include="PhysX\PhysXCooking_64.lib" />
    <Library Include="PhysX\PhysXExtensions_static_64.lib" />
    <Library Include="PhysX\PhysXFoundation_64.lib" />
    <Library Include="PhysX\PhysXPvdSDK_static_64.lib" />
    <Library Include="PhysX\PhysXTask_static_64.lib" />
    <Library Include="PhysX\PhysXVehicle_static_64.lib" />
    <Library Include="PhysX\SceneQuery_static_64.lib" />
    <Library Include="PhysX\SimulationController_static_64.lib" />
    <Library Include="PhysX\SnippetRender_static_64.lib" />
    <Library Include="PhysX\SnippetUtils_static_64.lib" />
  </ItemGroup>
</Project>